
Microsoft Visual Studio Solution File, Format Version 12.00
# Visual Studio Version 16
VisualStudioVersion = 16.0.33214.272
MinimumVisualStudioVersion = 10.0.40219.1
Project("{9A19103F-16F7-4668-BE54-9A1E7A4F7556}") = "IntexScratch", "IntexScratch.csproj", "{90B56AB3-3AA2-454C-9122-9E31753E0547}"
EndProject
Global
	GlobalSection(SolutionConfigurationPlatforms) = preSolution
		Debug|Any CPU = Debug|Any CPU
		Release|Any CPU = Release|Any CPU
	EndGlobalSection
	GlobalSection(ProjectConfigurationPlatforms) = postSolution
		{90B56AB3-3AA2-454C-9122-9E31753E0547}.Debug|Any CPU.ActiveCfg = Debug|Any CPU
		{90B56AB3-3AA2-454C-9122-9E31753E0547}.Debug|Any CPU.Build.0 = Debug|Any CPU
		{90B56AB3-3AA2-454C-9122-9E31753E0547}.Release|Any CPU.ActiveCfg = Release|Any CPU
		{90B56AB3-3AA2-454C-9122-9E31753E0547}.Release|Any CPU.Build.0 = Release|Any CPU
	EndGlobalSection
	GlobalSection(SolutionProperties) = preSolution
		HideSolutionNode = FALSE
	EndGlobalSection
	GlobalSection(ExtensibilityGlobals) = postSolution
		SolutionGuid = {9AE3E667-DB41-467C-83CC-8B189F97EE23}
	EndGlobalSection
EndGlobal
